
Microsoft Visual Studio Solution File, Format Version 12.00
# Visual Studio 2012
Project("{FAE04EC0-301F-11D3-BF4B-00C04F79EFBC}") = "QuidditchConsole", "QuidditchConsole\QuidditchConsole.csproj", "{B6F1F73E-89CD-4D09-A869-7C851B37BCF6}"
EndProject
Project("{FAE04EC0-301F-11D3-BF4B-00C04F79EFBC}") = "BusinessLayer", "BusinessLayer\BusinessLayer.csproj", "{6AB2B8C5-3305-4DA4-A175-69CCEF67FB3B}"
EndProject
Project("{FAE04EC0-301F-11D3-BF4B-00C04F79EFBC}") = "EntitiesLayer", "EntitiesLayer\EntitiesLayer.csproj", "{BC3C9C6F-AA30-4C20-93E8-47D6A1241A8F}"
EndProject
Project("{FAE04EC0-301F-11D3-BF4B-00C04F79EFBC}") = "StubDataAccessLayer", "StubDataAccessLayer\StubDataAccessLayer.csproj", "{9EE3CAC2-B161-4393-934A-58A67A654958}"
EndProject
Project("{FAE04EC0-301F-11D3-BF4B-00C04F79EFBC}") = "QuidditichWPF", "QuidditichWPF\QuidditichWPF.csproj", "{4332BB5B-48B8-4122-AA29-7DB4778150C5}"
EndProject
Project("{FAE04EC0-301F-11D3-BF4B-00C04F79EFBC}") = "DAO", "DAO\DAO.csproj", "{F5D8E35A-1D75-4B85-BD32-CC8E514B98C8}"
EndProject
Project("{FAE04EC0-301F-11D3-BF4B-00C04F79EFBC}") = "TestCRUD", "TestCRUD\TestCRUD.csproj", "{7413F939-0FAF-4724-BB8F-96CDD766421E}"
EndProject
Global
	GlobalSection(SolutionConfigurationPlatforms) = preSolution
		Debug|Any CPU = Debug|Any CPU
		Release|Any CPU = Release|Any CPU
	EndGlobalSection
	GlobalSection(ProjectConfigurationPlatforms) = postSolution
		{B6F1F73E-89CD-4D09-A869-7C851B37BCF6}.Debug|Any CPU.ActiveCfg = Debug|Any CPU
		{B6F1F73E-89CD-4D09-A869-7C851B37BCF6}.Debug|Any CPU.Build.0 = Debug|Any CPU
		{B6F1F73E-89CD-4D09-A869-7C851B37BCF6}.Release|Any CPU.ActiveCfg = Release|Any CPU
		{B6F1F73E-89CD-4D09-A869-7C851B37BCF6}.Release|Any CPU.Build.0 = Release|Any CPU
		{6AB2B8C5-3305-4DA4-A175-69CCEF67FB3B}.Debug|Any CPU.ActiveCfg = Debug|Any CPU
		{6AB2B8C5-3305-4DA4-A175-69CCEF67FB3B}.Debug|Any CPU.Build.0 = Debug|Any CPU
		{6AB2B8C5-3305-4DA4-A175-69CCEF67FB3B}.Release|Any CPU.ActiveCfg = Release|Any CPU
		{6AB2B8C5-3305-4DA4-A175-69CCEF67FB3B}.Release|Any CPU.Build.0 = Release|Any CPU
		{BC3C9C6F-AA30-4C20-93E8-47D6A1241A8F}.Debug|Any CPU.ActiveCfg = Debug|Any CPU
		{BC3C9C6F-AA30-4C20-93E8-47D6A1241A8F}.Debug|Any CPU.Build.0 = Debug|Any CPU
		{BC3C9C6F-AA30-4C20-93E8-47D6A1241A8F}.Release|Any CPU.ActiveCfg = Release|Any CPU
		{BC3C9C6F-AA30-4C20-93E8-47D6A1241A8F}.Release|Any CPU.Build.0 = Release|Any CPU
		{9EE3CAC2-B161-4393-934A-58A67A654958}.Debug|Any CPU.ActiveCfg = Debug|Any CPU
		{9EE3CAC2-B161-4393-934A-58A67A654958}.Debug|Any CPU.Build.0 = Debug|Any CPU
		{9EE3CAC2-B161-4393-934A-58A67A654958}.Release|Any CPU.ActiveCfg = Release|Any CPU
		{9EE3CAC2-B161-4393-934A-58A67A654958}.Release|Any CPU.Build.0 = Release|Any CPU
		{4332BB5B-48B8-4122-AA29-7DB4778150C5}.Debug|Any CPU.ActiveCfg = Debug|Any CPU
		{4332BB5B-48B8-4122-AA29-7DB4778150C5}.Debug|Any CPU.Build.0 = Debug|Any CPU
		{4332BB5B-48B8-4122-AA29-7DB4778150C5}.Release|Any CPU.ActiveCfg = Release|Any CPU
		{4332BB5B-48B8-4122-AA29-7DB4778150C5}.Release|Any CPU.Build.0 = Release|Any CPU
		{F5D8E35A-1D75-4B85-BD32-CC8E514B98C8}.Debug|Any CPU.ActiveCfg = Debug|Any CPU
		{F5D8E35A-1D75-4B85-BD32-CC8E514B98C8}.Debug|Any CPU.Build.0 = Debug|Any CPU
		{F5D8E35A-1D75-4B85-BD32-CC8E514B98C8}.Release|Any CPU.ActiveCfg = Release|Any CPU
		{F5D8E35A-1D75-4B85-BD32-CC8E514B98C8}.Release|Any CPU.Build.0 = Release|Any CPU
		{7413F939-0FAF-4724-BB8F-96CDD766421E}.Debug|Any CPU.ActiveCfg = Debug|Any CPU
		{7413F939-0FAF-4724-BB8F-96CDD766421E}.Debug|Any CPU.Build.0 = Debug|Any CPU
		{7413F939-0FAF-4724-BB8F-96CDD766421E}.Release|Any CPU.ActiveCfg = Release|Any CPU
		{7413F939-0FAF-4724-BB8F-96CDD766421E}.Release|Any CPU.Build.0 = Release|Any CPU
	EndGlobalSection
	GlobalSection(SolutionProperties) = preSolution
		HideSolutionNode = FALSE
	EndGlobalSection
EndGlobal
